// !$*UTF8*$!
{
	archiveVersion = 1;
	classes = {
	};
	objectVersion = 77;
	objects = {

/* Begin PBXBuildFile section */
		0C6DBA01182915D0EED3A540 /* ClipboardMonitor.swift in Sources */ = {isa = PBXBuildFile; fileRef = E0B660B6DB04BA01A66C8D83 /* ClipboardMonitor.swift */; };
		1C8049DA8A54361A314DA8A4 /* AppDelegate.swift in Sources */ = {isa = PBXBuildFile; fileRef = 9331432575F9B0AC2046483F /* AppDelegate.swift */; };
		35833B524DEBA423056A963F /* HotKeyManager.swift in Sources */ = {isa = PBXBuildFile; fileRef = 372B31BDB243A13C9BD2FFF0 /* HotKeyManager.swift */; };
		38C1367B6E8CC8A48215B969 /* HistoryPanel.swift in Sources */ = {isa = PBXBuildFile; fileRef = 4D9DDBCC88CF2AD5FDD52A1E /* HistoryPanel.swift */; };
		5069051566615DFA374D7308 /* main.swift in Sources */ = {isa = PBXBuildFile; fileRef = 3DF94261228A1D224302B8BB /* main.swift */; };
		D43763BEDD52E19EC223944B /* ClipboardHistoryStore.swift in Sources */ = {isa = PBXBuildFile; fileRef = EFA30C8A46D00A9C32FD5E3B /* ClipboardHistoryStore.swift */; };
/* End PBXBuildFile section */

/* Begin PBXFileReference section */
		372B31BDB243A13C9BD2FFF0 /* HotKeyManager.swift */ = {isa = PBXFileReference; lastKnownFileType = sourcecode.swift; path = HotKeyManager.swift; sourceTree = "<group>"; };
		3DF94261228A1D224302B8BB /* main.swift */ = {isa = PBXFileReference; lastKnownFileType = sourcecode.swift; path = main.swift; sourceTree = "<group>"; };
		3F3E4391C6554A5617B9540F /* Clipboardy.app */ = {isa = PBXFileReference; explicitFileType = wrapper.application; includeInIndex = 0; path = Clipboardy.app; sourceTree = BUILT_PRODUCTS_DIR; };
		4D9DDBCC88CF2AD5FDD52A1E /* HistoryPanel.swift */ = {isa = PBXFileReference; lastKnownFileType = sourcecode.swift; path = HistoryPanel.swift; sourceTree = "<group>"; };
		9331432575F9B0AC2046483F /* AppDelegate.swift */ = {isa = PBXFileReference; lastKnownFileType = sourcecode.swift; path = AppDelegate.swift; sourceTree = "<group>"; };
		E0B660B6DB04BA01A66C8D83 /* ClipboardMonitor.swift */ = {isa = PBXFileReference; lastKnownFileType = sourcecode.swift; path = ClipboardMonitor.swift; sourceTree = "<group>"; };
		EFA30C8A46D00A9C32FD5E3B /* ClipboardHistoryStore.swift */ = {isa = PBXFileReference; lastKnownFileType = sourcecode.swift; path = ClipboardHistoryStore.swift; sourceTree = "<group>"; };
/* End PBXFileReference section */

/* Begin PBXGroup section */
		89E8161F6348E519E2915997 /* Sources */ = {
			isa = PBXGroup;
			children = (
				9331432575F9B0AC2046483F /* AppDelegate.swift */,
				EFA30C8A46D00A9C32FD5E3B /* ClipboardHistoryStore.swift */,
				E0B660B6DB04BA01A66C8D83 /* ClipboardMonitor.swift */,
				4D9DDBCC88CF2AD5FDD52A1E /* HistoryPanel.swift */,
				372B31BDB243A13C9BD2FFF0 /* HotKeyManager.swift */,
				3DF94261228A1D224302B8BB /* main.swift */,
			);
			path = Sources;
			sourceTree = "<group>";
		};
		92D7FA9EE4B871D2B0BA34D2 = {
			isa = PBXGroup;
			children = (
				89E8161F6348E519E2915997 /* Sources */,
				CE09A7F4387F62122D02F1C3 /* Products */,
			);
			sourceTree = "<group>";
		};
		CE09A7F4387F62122D02F1C3 /* Products */ = {
			isa = PBXGroup;
			children = (
				3F3E4391C6554A5617B9540F /* Clipboardy.app */,
			);
			name = Products;
			sourceTree = "<group>";
		};
/* End PBXGroup section */

/* Begin PBXNativeTarget section */
		EF1C5B992EEDB93A200F0D7D /* Clipboardy */ = {
			isa = PBXNativeTarget;
			buildConfigurationList = BEFB2A3C761E7534B7681A8C /* Build configuration list for PBXNativeTarget "Clipboardy" */;
			buildPhases = (
				7686D045D5B38A44962F3AE3 /* Sources */,
			);
			buildRules = (
			);
			dependencies = (
			);
			name = Clipboardy;
			packageProductDependencies = (
			);
			productName = Clipboardy;
			productReference = 3F3E4391C6554A5617B9540F /* Clipboardy.app */;
			productType = "com.apple.product-type.application";
		};
/* End PBXNativeTarget section */

/* Begin PBXProject section */
		C6D018C8DE3895C93384F0FE /* Project object */ = {
			isa = PBXProject;
			attributes = {
				BuildIndependentTargetsInParallel = YES;
				LastUpgradeCheck = 1500;
				TargetAttributes = {
					EF1C5B992EEDB93A200F0D7D = {
						ProvisioningStyle = Automatic;
					};
				};
			};
			buildConfigurationList = 4709D0013DDF6512842F5356 /* Build configuration list for PBXProject "Clipboardy" */;
			developmentRegion = en;
			hasScannedForEncodings = 0;
			knownRegions = (
				Base,
				en,
			);
			mainGroup = 92D7FA9EE4B871D2B0BA34D2;
			minimizedProjectReferenceProxies = 1;
			preferredProjectObjectVersion = 77;
			productRefGroup = CE09A7F4387F62122D02F1C3 /* Products */;
			projectDirPath = "";
			projectRoot = "";
			targets = (
				EF1C5B992EEDB93A200F0D7D /* Clipboardy */,
			);
		};
/* End PBXProject section */

/* Begin PBXSourcesBuildPhase section */
		7686D045D5B38A44962F3AE3 /* Sources */ = {
			isa = PBXSourcesBuildPhase;
			buildActionMask = 2147483647;
			files = (
				1C8049DA8A54361A314DA8A4 /* AppDelegate.swift in Sources */,
				D43763BEDD52E19EC223944B /* ClipboardHistoryStore.swift in Sources */,
				0C6DBA01182915D0EED3A540 /* ClipboardMonitor.swift in Sources */,
				38C1367B6E8CC8A48215B969 /* HistoryPanel.swift in Sources */,
				35833B524DEBA423056A963F /* HotKeyManager.swift in Sources */,
				5069051566615DFA374D7308 /* main.swift in Sources */,
			);
			runOnlyForDeploymentPostprocessing = 0;
		};
/* End PBXSourcesBuildPhase section */

/* Begin XCBuildConfiguration section */
		382DBC3E31CDE240D651F6DD /* Debug */ = {
			isa = XCBuildConfiguration;
			buildSettings = {
				ALWAYS_SEARCH_USER_PATHS = NO;
				CLANG_ANALYZER_NONNULL = YES;
				CLANG_ANALYZER_NUMBER_OBJECT_CONVERSION = YES_AGGRESSIVE;
				CLANG_CXX_LANGUAGE_STANDARD = "gnu++14";
				CLANG_CXX_LIBRARY = "libc++";
				CLANG_ENABLE_MODULES = YES;
				CLANG_ENABLE_OBJC_ARC = YES;
				CLANG_ENABLE_OBJC_WEAK = YES;
				CLANG_WARN_BLOCK_CAPTURE_AUTORELEASING = YES;
				CLANG_WARN_BOOL_CONVERSION = YES;
				CLANG_WARN_COMMA = YES;
				CLANG_WARN_CONSTANT_CONVERSION = YES;
				CLANG_WARN_DEPRECATED_OBJC_IMPLEMENTATIONS = YES;
				CLANG_WARN_DIRECT_OBJC_ISA_USAGE = YES_ERROR;
				CLANG_WARN_DOCUMENTATION_COMMENTS = YES;
				CLANG_WARN_EMPTY_BODY = YES;
				CLANG_WARN_ENUM_CONVERSION = YES;
				CLANG_WARN_INFINITE_RECURSION = YES;
				CLANG_WARN_INT_CONVERSION = YES;
				CLANG_WARN_NON_LITERAL_NULL_CONVERSION = YES;
				CLANG_WARN_OBJC_IMPLICIT_RETAIN_SELF = YES;
				CLANG_WARN_OBJC_LITERAL_CONVERSION = YES;
				CLANG_WARN_OBJC_ROOT_CLASS = YES_ERROR;
				CLANG_WARN_QUOTED_INCLUDE_IN_FRAMEWORK_HEADER = YES;
				CLANG_WARN_RANGE_LOOP_ANALYSIS = YES;
				CLANG_WARN_STRICT_PROTOTYPES = YES;
				CLANG_WARN_SUSPICIOUS_MOVE = YES;
				CLANG_WARN_UNGUARDED_AVAILABILITY = YES_AGGRESSIVE;
				CLANG_WARN_UNREACHABLE_CODE = YES;
				CLANG_WARN__DUPLICATE_METHOD_MATCH = YES;
				COPY_PHASE_STRIP = NO;
				DEBUG_INFORMATION_FORMAT = dwarf;
				ENABLE_STRICT_OBJC_MSGSEND = YES;
				ENABLE_TESTABILITY = YES;
				GCC_C_LANGUAGE_STANDARD = gnu11;
				GCC_DYNAMIC_NO_PIC = NO;
				GCC_NO_COMMON_BLOCKS = YES;
				GCC_OPTIMIZATION_LEVEL = 0;
				GCC_PREPROCESSOR_DEFINITIONS = (
					"$(inherited)",
					"DEBUG=1",
				);
				GCC_WARN_64_TO_32_BIT_CONVERSION = YES;
				GCC_WARN_ABOUT_RETURN_TYPE = YES_ERROR;
				GCC_WARN_UNDECLARED_SELECTOR = YES;
				GCC_WARN_UNINITIALIZED_AUTOS = YES_AGGRESSIVE;
				GCC_WARN_UNUSED_FUNCTION = YES;
				GCC_WARN_UNUSED_VARIABLE = YES;
				MACOSX_DEPLOYMENT_TARGET = 13.0;
				MTL_ENABLE_DEBUG_INFO = INCLUDE_SOURCE;
				MTL_FAST_MATH = YES;
				ONLY_ACTIVE_ARCH = YES;
				PRODUCT_NAME = "$(TARGET_NAME)";
				SDKROOT = macosx;
				SWIFT_ACTIVE_COMPILATION_CONDITIONS = DEBUG;
				SWIFT_OPTIMIZATION_LEVEL = "-Onone";
				SWIFT_VERSION = 5.0;
			};
			name = Debug;
		};
		AA2F6BFA4D9AF23D068DA896 /* Release */ = {
			isa = XCBuildConfiguration;
			buildSettings = {
				ALWAYS_SEARCH_USER_PATHS = NO;
				CLANG_ANALYZER_NONNULL = YES;
				CLANG_ANALYZER_NUMBER_OBJECT_CONVERSION = YES_AGGRESSIVE;
				CLANG_CXX_LANGUAGE_STANDARD = "gnu++14";
				CLANG_CXX_LIBRARY = "libc++";
				CLANG_ENABLE_MODULES = YES;
				CLANG_ENABLE_OBJC_ARC = YES;
				CLANG_ENABLE_OBJC_WEAK = YES;
				CLANG_WARN_BLOCK_CAPTURE_AUTORELEASING = YES;
				CLANG_WARN_BOOL_CONVERSION = YES;
				CLANG_WARN_COMMA = YES;
				CLANG_WARN_CONSTANT_CONVERSION = YES;
				CLANG_WARN_DEPRECATED_OBJC_IMPLEMENTATIONS = YES;
				CLANG_WARN_DIRECT_OBJC_ISA_USAGE = YES_ERROR;
				CLANG_WARN_DOCUMENTATION_COMMENTS = YES;
				CLANG_WARN_EMPTY_BODY = YES;
				CLANG_WARN_ENUM_CONVERSION = YES;
				CLANG_WARN_INFINITE_RECURSION = YES;
				CLANG_WARN_INT_CONVERSION = YES;
				CLANG_WARN_NON_LITERAL_NULL_CONVERSION = YES;
				CLANG_WARN_OBJC_IMPLICIT_RETAIN_SELF = YES;
				CLANG_WARN_OBJC_LITERAL_CONVERSION = YES;
				CLANG_WARN_OBJC_ROOT_CLASS = YES_ERROR;
				CLANG_WARN_QUOTED_INCLUDE_IN_FRAMEWORK_HEADER = YES;
				CLANG_WARN_RANGE_LOOP_ANALYSIS = YES;
				CLANG_WARN_STRICT_PROTOTYPES = YES;
				CLANG_WARN_SUSPICIOUS_MOVE = YES;
				CLANG_WARN_UNGUARDED_AVAILABILITY = YES_AGGRESSIVE;
				CLANG_WARN_UNREACHABLE_CODE = YES;
				CLANG_WARN__DUPLICATE_METHOD_MATCH = YES;
				COPY_PHASE_STRIP = NO;
				DEBUG_INFORMATION_FORMAT = "dwarf-with-dsym";
				ENABLE_NS_ASSERTIONS = NO;
				ENABLE_STRICT_OBJC_MSGSEND = YES;
				GCC_C_LANGUAGE_STANDARD = gnu11;
				GCC_NO_COMMON_BLOCKS = YES;
				GCC_WARN_64_TO_32_BIT_CONVERSION = YES;
				GCC_WARN_ABOUT_RETURN_TYPE = YES_ERROR;
				GCC_WARN_UNDECLARED_SELECTOR = YES;
				GCC_WARN_UNINITIALIZED_AUTOS = YES_AGGRESSIVE;
				GCC_WARN_UNUSED_FUNCTION = YES;
				GCC_WARN_UNUSED_VARIABLE = YES;
				MACOSX_DEPLOYMENT_TARGET = 13.0;
				MTL_ENABLE_DEBUG_INFO = NO;
				MTL_FAST_MATH = YES;
				PRODUCT_NAME = "$(TARGET_NAME)";
				SDKROOT = macosx;
				SWIFT_COMPILATION_MODE = wholemodule;
				SWIFT_OPTIMIZATION_LEVEL = "-O";
				SWIFT_VERSION = 5.0;
			};
			name = Release;
		};
		C503BDFF5099AA3C9645B470 /* Release */ = {
			isa = XCBuildConfiguration;
			buildSettings = {
				ASSETCATALOG_COMPILER_APPICON_NAME = AppIcon;
				CODE_SIGN_ENTITLEMENTS = Clipboardy.entitlements;
				CODE_SIGN_STYLE = Automatic;
				COMBINE_HIDPI_IMAGES = YES;
				ENABLE_APP_SANDBOX = NO;
				ENABLE_HARDENED_RUNTIME = YES;
				INFOPLIST_FILE = Clipboardy/Info.plist;
				LD_RUNPATH_SEARCH_PATHS = (
					"$(inherited)",
					"@executable_path/../Frameworks",
				);
				MACOSX_DEPLOYMENT_TARGET = 13.0;
				PRODUCT_BUNDLE_IDENTIFIER = com.bilel.clipboardy;
				SDKROOT = macosx;
				SWIFT_VERSION = 5.9;
			};
			name = Release;
		};
		FF5C5124B99DCCDE94A3710F /* Debug */ = {
			isa = XCBuildConfiguration;
			buildSettings = {
				ASSETCATALOG_COMPILER_APPICON_NAME = AppIcon;
				CODE_SIGN_ENTITLEMENTS = Clipboardy.entitlements;
				CODE_SIGN_STYLE = Automatic;
				COMBINE_HIDPI_IMAGES = YES;
				ENABLE_APP_SANDBOX = NO;
				ENABLE_HARDENED_RUNTIME = YES;
				INFOPLIST_FILE = Clipboardy/Info.plist;
				LD_RUNPATH_SEARCH_PATHS = (
					"$(inherited)",
					"@executable_path/../Frameworks",
				);
				MACOSX_DEPLOYMENT_TARGET = 13.0;
				PRODUCT_BUNDLE_IDENTIFIER = com.bilel.clipboardy;
				SDKROOT = macosx;
				SWIFT_VERSION = 5.9;
			};
			name = Debug;
		};
/* End XCBuildConfiguration section */

/* Begin XCConfigurationList section */
		4709D0013DDF6512842F5356 /* Build configuration list for PBXProject "Clipboardy" */ = {
			isa = XCConfigurationList;
			buildConfigurations = (
				382DBC3E31CDE240D651F6DD /* Debug */,
				AA2F6BFA4D9AF23D068DA896 /* Release */,
			);
			defaultConfigurationIsVisible = 0;
			defaultConfigurationName = Debug;
		};
		BEFB2A3C761E7534B7681A8C /* Build configuration list for PBXNativeTarget "Clipboardy" */ = {
			isa = XCConfigurationList;
			buildConfigurations = (
				FF5C5124B99DCCDE94A3710F /* Debug */,
				C503BDFF5099AA3C9645B470 /* Release */,
			);
			defaultConfigurationIsVisible = 0;
			defaultConfigurationName = Debug;
		};
/* End XCConfigurationList section */
	};
	rootObject = C6D018C8DE3895C93384F0FE /* Project object */;
}
